Microsoft Visual Studio Solution File, Format Version 12.00
# Visual Studio Version 17
VisualStudioVersion = 17.5.2.0
MinimumVisualStudioVersion = 10.0.40219.1
Project("{2150E333-8FDC-42A3-9474-1A3956D46DE8}") = "NeuroAvatar", "NeuroAvatar", "{9B3AF306-90FC-286A-F839-D8BF662366B9}"
EndProject
Project("{FAE04EC0-301F-11D3-BF4B-00C04F79EFBC}") = "Assembly-CSharp-Editor", "NeuroAvatar\Assembly-CSharp-Editor.csproj", "{FAE3F3B4-D0F9-0766-0887-D0E903E06DBB}"
EndProject
Project("{FAE04EC0-301F-11D3-BF4B-00C04F79EFBC}") = "Assembly-CSharp", "NeuroAvatar\Assembly-CSharp.csproj", "{1D6BFF16-053C-A157-47F8-F23EB302DD3E}"
EndProject
Global
	GlobalSection(SolutionConfigurationPlatforms) = preSolution
		Debug|Any CPU = Debug|Any CPU
		Release|Any CPU = Release|Any CPU
	EndGlobalSection
	GlobalSection(ProjectConfigurationPlatforms) = postSolution
		{FAE3F3B4-D0F9-0766-0887-D0E903E06DBB}.Debug|Any CPU.ActiveCfg = Debug|Any CPU
		{FAE3F3B4-D0F9-0766-0887-D0E903E06DBB}.Debug|Any CPU.Build.0 = Debug|Any CPU
		{FAE3F3B4-D0F9-0766-0887-D0E903E06DBB}.Release|Any CPU.ActiveCfg = Release|Any CPU
		{FAE3F3B4-D0F9-0766-0887-D0E903E06DBB}.Release|Any CPU.Build.0 = Release|Any CPU
		{1D6BFF16-053C-A157-47F8-F23EB302DD3E}.Debug|Any CPU.ActiveCfg = Debug|Any CPU
		{1D6BFF16-053C-A157-47F8-F23EB302DD3E}.Debug|Any CPU.Build.0 = Debug|Any CPU
		{1D6BFF16-053C-A157-47F8-F23EB302DD3E}.Release|Any CPU.ActiveCfg = Release|Any CPU
		{1D6BFF16-053C-A157-47F8-F23EB302DD3E}.Release|Any CPU.Build.0 = Release|Any CPU
	EndGlobalSection
	GlobalSection(SolutionProperties) = preSolution
		HideSolutionNode = FALSE
	EndGlobalSection
	GlobalSection(NestedProjects) = preSolution
		{FAE3F3B4-D0F9-0766-0887-D0E903E06DBB} = {9B3AF306-90FC-286A-F839-D8BF662366B9}
		{1D6BFF16-053C-A157-47F8-F23EB302DD3E} = {9B3AF306-90FC-286A-F839-D8BF662366B9}
	EndGlobalSection
	GlobalSection(ExtensibilityGlobals) = postSolution
		SolutionGuid = {702A58FB-38E5-4E3D-B559-D72740E59733}
	EndGlobalSection
EndGlobal
